{
  "name": "puppeteer",
  "version": "1.0.0",
  "lockfileVersion": 1,
  "requires": true,
  "dependencies": {
    "easy-pdf-merge": {
      "version": "0.2.0",
      "resolved": "http://registry.npm.taobao.org/easy-pdf-merge/download/easy-pdf-merge-0.2.0.tgz"
    },
    "puppeteer": {
      "version": "1.9.0",
      "resolved": "http://registry.npm.taobao.org/puppeteer/download/puppeteer-1.9.0.tgz",
      "dependencies": {
        "debug": {
          "version": "http://registry.npm.taobao.org/debug/download/debug-3.2.6.tgz",
          "dependencies": {
            "ms": {
              "version": "http://registry.npm.taobao.org/ms/download/ms-2.1.1.tgz",
              "bundled": true
            }
          }
        },
        "extract-zip": {
          "version": "http://registry.npm.taobao.org/extract-zip/download/extract-zip-1.6.7.tgz"
        },
        "https-proxy-agent": {
          "version": "http://registry.npm.taobao.org/https-proxy-agent/download/https-proxy-agent-2.2.1.tgz",
          "dependencies": {
            "agent-base": {
              "version": "http://registry.npm.taobao.org/agent-base/download/agent-base-4.2.1.tgz",
              "bundled": true,
              "dependencies": {
                "es6-promisify": {
                  "version": "http://registry.npm.taobao.org/es6-promisify/download/es6-promisify-5.0.0.tgz",
                  "bundled": true
                }
              }
            },
            "debug": {
              "version": "http://registry.npm.taobao.org/debug/download/debug-3.2.6.tgz",
              "bundled": true
            }
          }
        },
        "mime": {
          "version": "http://registry.npm.taobao.org/mime/download/mime-2.3.1.tgz"
        },
        "progress": {
          "version": "http://registry.npm.taobao.org/progress/download/progress-2.0.1.tgz"
        },
        "proxy-from-env": {
          "version": "http://registry.npm.taobao.org/proxy-from-env/download/proxy-from-env-1.0.0.tgz"
        },
        "rimraf": {
          "version": "http://registry.npm.taobao.org/rimraf/download/rimraf-2.6.2.tgz"
        },
        "ws": {
          "version": "http://registry.npm.taobao.org/ws/download/ws-5.2.2.tgz"
        }
      }
    },
    "qrcode-terminal": {
      "version": "0.12.0",
      "resolved": "https://registry.npmjs.org/qrcode-terminal/-/qrcode-terminal-0.12.0.tgz",
      "integrity": "sha512-EXtzRZmC+YGmGlDFbXKxQiMZNwCLEO6BANKXG4iCtSIM0yqc/pappSx3RIKr4r0uh5JsBckOXeKrB3Iz7mdQpQ=="
    }
  }
}
